
Microsoft Visual Studio Solution File, Format Version 12.00
# Visual Studio 15
VisualStudioVersion = 15.0.26124.0
MinimumVisualStudioVersion = 15.0.26124.0
Project("{FAE04EC0-301F-11D3-BF4B-00C04F79EFBC}") = "Steep.Examples", "Steep.Examples\_Steep.Examples.csproj", "{301B5B3E-202B-4B2A-8E77-0D75B2BB3B78}"
EndProject
Project("{FAE04EC0-301F-11D3-BF4B-00C04F79EFBC}") = "Steep", "Steep\_Steep.csproj", "{D4986DE8-73B0-47F8-9782-3550F2D844FF}"
EndProject
Project("{FAE04EC0-301F-11D3-BF4B-00C04F79EFBC}") = "Steep.Bench", "Steep.Bench\_Steep.Bench.csproj", "{1BD179EC-61F8-41DE-A51C-42AFE831BD0A}"
EndProject
Project("{FAE04EC0-301F-11D3-BF4B-00C04F79EFBC}") = "Steep.Tests", "Steep.Tests\_Steep.Tests.csproj", "{79CE2CFF-C29F-4743-AADD-38EFC7245C8E}"
EndProject
Global
	GlobalSection(SolutionConfigurationPlatforms) = preSolution
		Debug|Any CPU = Debug|Any CPU
		Debug|x64 = Debug|x64
		Debug|x86 = Debug|x86
		Release|Any CPU = Release|Any CPU
		Release|x64 = Release|x64
		Release|x86 = Release|x86
	EndGlobalSection
	GlobalSection(SolutionProperties) = preSolution
		HideSolutionNode = FALSE
	EndGlobalSection
	GlobalSection(ProjectConfigurationPlatforms) = postSolution
		{301B5B3E-202B-4B2A-8E77-0D75B2BB3B78}.Debug|Any CPU.ActiveCfg = Debug|Any CPU
		{301B5B3E-202B-4B2A-8E77-0D75B2BB3B78}.Debug|Any CPU.Build.0 = Debug|Any CPU
		{301B5B3E-202B-4B2A-8E77-0D75B2BB3B78}.Debug|x64.ActiveCfg = Debug|Any CPU
		{301B5B3E-202B-4B2A-8E77-0D75B2BB3B78}.Debug|x64.Build.0 = Debug|Any CPU
		{301B5B3E-202B-4B2A-8E77-0D75B2BB3B78}.Debug|x86.ActiveCfg = Debug|Any CPU
		{301B5B3E-202B-4B2A-8E77-0D75B2BB3B78}.Debug|x86.Build.0 = Debug|Any CPU
		{301B5B3E-202B-4B2A-8E77-0D75B2BB3B78}.Release|Any CPU.ActiveCfg = Release|Any CPU
		{301B5B3E-202B-4B2A-8E77-0D75B2BB3B78}.Release|Any CPU.Build.0 = Release|Any CPU
		{301B5B3E-202B-4B2A-8E77-0D75B2BB3B78}.Release|x64.ActiveCfg = Release|Any CPU
		{301B5B3E-202B-4B2A-8E77-0D75B2BB3B78}.Release|x64.Build.0 = Release|Any CPU
		{301B5B3E-202B-4B2A-8E77-0D75B2BB3B78}.Release|x86.ActiveCfg = Release|Any CPU
		{301B5B3E-202B-4B2A-8E77-0D75B2BB3B78}.Release|x86.Build.0 = Release|Any CPU
		{D4986DE8-73B0-47F8-9782-3550F2D844FF}.Debug|Any CPU.ActiveCfg = Debug|Any CPU
		{D4986DE8-73B0-47F8-9782-3550F2D844FF}.Debug|Any CPU.Build.0 = Debug|Any CPU
		{D4986DE8-73B0-47F8-9782-3550F2D844FF}.Debug|x64.ActiveCfg = Debug|Any CPU
		{D4986DE8-73B0-47F8-9782-3550F2D844FF}.Debug|x64.Build.0 = Debug|Any CPU
		{D4986DE8-73B0-47F8-9782-3550F2D844FF}.Debug|x86.ActiveCfg = Debug|Any CPU
		{D4986DE8-73B0-47F8-9782-3550F2D844FF}.Debug|x86.Build.0 = Debug|Any CPU
		{D4986DE8-73B0-47F8-9782-3550F2D844FF}.Release|Any CPU.ActiveCfg = Release|Any CPU
		{D4986DE8-73B0-47F8-9782-3550F2D844FF}.Release|Any CPU.Build.0 = Release|Any CPU
		{D4986DE8-73B0-47F8-9782-3550F2D844FF}.Release|x64.ActiveCfg = Release|Any CPU
		{D4986DE8-73B0-47F8-9782-3550F2D844FF}.Release|x64.Build.0 = Release|Any CPU
		{D4986DE8-73B0-47F8-9782-3550F2D844FF}.Release|x86.ActiveCfg = Release|Any CPU
		{D4986DE8-73B0-47F8-9782-3550F2D844FF}.Release|x86.Build.0 = Release|Any CPU
		{1BD179EC-61F8-41DE-A51C-42AFE831BD0A}.Debug|Any CPU.ActiveCfg = Debug|Any CPU
		{1BD179EC-61F8-41DE-A51C-42AFE831BD0A}.Debug|Any CPU.Build.0 = Debug|Any CPU
		{1BD179EC-61F8-41DE-A51C-42AFE831BD0A}.Debug|x64.ActiveCfg = Debug|Any CPU
		{1BD179EC-61F8-41DE-A51C-42AFE831BD0A}.Debug|x64.Build.0 = Debug|Any CPU
		{1BD179EC-61F8-41DE-A51C-42AFE831BD0A}.Debug|x86.ActiveCfg = Debug|Any CPU
		{1BD179EC-61F8-41DE-A51C-42AFE831BD0A}.Debug|x86.Build.0 = Debug|Any CPU
		{1BD179EC-61F8-41DE-A51C-42AFE831BD0A}.Release|Any CPU.ActiveCfg = Release|Any CPU
		{1BD179EC-61F8-41DE-A51C-42AFE831BD0A}.Release|Any CPU.Build.0 = Release|Any CPU
		{1BD179EC-61F8-41DE-A51C-42AFE831BD0A}.Release|x64.ActiveCfg = Release|Any CPU
		{1BD179EC-61F8-41DE-A51C-42AFE831BD0A}.Release|x64.Build.0 = Release|Any CPU
		{1BD179EC-61F8-41DE-A51C-42AFE831BD0A}.Release|x86.ActiveCfg = Release|Any CPU
		{1BD179EC-61F8-41DE-A51C-42AFE831BD0A}.Release|x86.Build.0 = Release|Any CPU
		{79CE2CFF-C29F-4743-AADD-38EFC7245C8E}.Debug|Any CPU.ActiveCfg = Debug|Any CPU
		{79CE2CFF-C29F-4743-AADD-38EFC7245C8E}.Debug|Any CPU.Build.0 = Debug|Any CPU
		{79CE2CFF-C29F-4743-AADD-38EFC7245C8E}.Debug|x64.ActiveCfg = Debug|Any CPU
		{79CE2CFF-C29F-4743-AADD-38EFC7245C8E}.Debug|x64.Build.0 = Debug|Any CPU
		{79CE2CFF-C29F-4743-AADD-38EFC7245C8E}.Debug|x86.ActiveCfg = Debug|Any CPU
		{79CE2CFF-C29F-4743-AADD-38EFC7245C8E}.Debug|x86.Build.0 = Debug|Any CPU
		{79CE2CFF-C29F-4743-AADD-38EFC7245C8E}.Release|Any CPU.ActiveCfg = Release|Any CPU
		{79CE2CFF-C29F-4743-AADD-38EFC7245C8E}.Release|Any CPU.Build.0 = Release|Any CPU
		{79CE2CFF-C29F-4743-AADD-38EFC7245C8E}.Release|x64.ActiveCfg = Release|Any CPU
		{79CE2CFF-C29F-4743-AADD-38EFC7245C8E}.Release|x64.Build.0 = Release|Any CPU
		{79CE2CFF-C29F-4743-AADD-38EFC7245C8E}.Release|x86.ActiveCfg = Release|Any CPU
		{79CE2CFF-C29F-4743-AADD-38EFC7245C8E}.Release|x86.Build.0 = Release|Any CPU
	EndGlobalSection
EndGlobal
